// !$*UTF8*$!
{
	archiveVersion = 1;
	classes = {
	};
	objectVersion = 50;
	objects = {

/* Begin PBXBuildFile section */
		2B1D039823FC1EBD002E540B /* VarsityAltoSaxView.swift in Sources */ = {isa = PBXBuildFile; fileRef = 2B1D039723FC1EBD002E540B /* VarsityAltoSaxView.swift */; };
		2B1D039A23FC1EF0002E540B /* VarsityTenorSaxView.swift in Sources */ = {isa = PBXBuildFile; fileRef = 2B1D039923FC1EF0002E540B /* VarsityTenorSaxView.swift */; };
		2B1D039C23FC27AD002E540B /* VPCalculatorView.swift in Sources */ = {isa = PBXBuildFile; fileRef = 2B1D039B23FC27AD002E540B /* VPCalculatorView.swift */; };
		2B53C41923EC54AA007A68B2 /* StudentRowView.swift in Sources */ = {isa = PBXBuildFile; fileRef = 2B53C41823EC54AA007A68B2 /* StudentRowView.swift */; };
		2BB0E9BF23F58BDC00CDD552 /* VarsityFluteView.swift in Sources */ = {isa = PBXBuildFile; fileRef = 2BB0E9BE23F58BDC00CDD552 /* VarsityFluteView.swift */; };
		2BB0E9C123F58C6700CDD552 /* VarsityOboeView.swift in Sources */ = {isa = PBXBuildFile; fileRef = 2BB0E9C023F58C6700CDD552 /* VarsityOboeView.swift */; };
		2BB0E9C323F58CA000CDD552 /* VarsityClarinetView.swift in Sources */ = {isa = PBXBuildFile; fileRef = 2BB0E9C223F58CA000CDD552 /* VarsityClarinetView.swift */; };
		2BB0E9C523F58CEA00CDD552 /* VarsityBassClarinetView.swift in Sources */ = {isa = PBXBuildFile; fileRef = 2BB0E9C423F58CEA00CDD552 /* VarsityBassClarinetView.swift */; };
		2BB0E9C723F58D4000CDD552 /* VarsityBasoonView.swift in Sources */ = {isa = PBXBuildFile; fileRef = 2BB0E9C623F58D4000CDD552 /* VarsityBasoonView.swift */; };
		2BF1E4AB23FD7020001A07E2 /* VarsityBariSaxView.swift in Sources */ = {isa = PBXBuildFile; fileRef = 2BF1E4AA23FD7020001A07E2 /* VarsityBariSaxView.swift */; };
		2BF1E4AD23FD71FA001A07E2 /* VarsityTrumpetView.swift in Sources */ = {isa = PBXBuildFile; fileRef = 2BF1E4AC23FD71FA001A07E2 /* VarsityTrumpetView.swift */; };
		2BF1E4AF23FD7213001A07E2 /* VarsityTromboneView.swift in Sources */ = {isa = PBXBuildFile; fileRef = 2BF1E4AE23FD7213001A07E2 /* VarsityTromboneView.swift */; };
		2BF1E4B123FD7224001A07E2 /* VarsityTubaView.swift in Sources */ = {isa = PBXBuildFile; fileRef = 2BF1E4B023FD7224001A07E2 /* VarsityTubaView.swift */; };
		2BF1E4B323FD7298001A07E2 /* VarsityBaritoneView.swift in Sources */ = {isa = PBXBuildFile; fileRef = 2BF1E4B223FD7298001A07E2 /* VarsityBaritoneView.swift */; };
		2BF1E4B523FD72AB001A07E2 /* VarsityFrenchHornView.swift in Sources */ = {isa = PBXBuildFile; fileRef = 2BF1E4B423FD72AB001A07E2 /* VarsityFrenchHornView.swift */; };
		2BF1E4B723FD7373001A07E2 /* FreshFluteView.swift in Sources */ = {isa = PBXBuildFile; fileRef = 2BF1E4B623FD7373001A07E2 /* FreshFluteView.swift */; };
		2BF1E4B923FD7385001A07E2 /* FreshOboeView.swift in Sources */ = {isa = PBXBuildFile; fileRef = 2BF1E4B823FD7385001A07E2 /* FreshOboeView.swift */; };
		2BF1E4BB23FD741B001A07E2 /* FreshClarinetView.swift in Sources */ = {isa = PBXBuildFile; fileRef = 2BF1E4BA23FD741B001A07E2 /* FreshClarinetView.swift */; };
		2BF1E4BD23FD7430001A07E2 /* FreshBassClarinetView.swift in Sources */ = {isa = PBXBuildFile; fileRef = 2BF1E4BC23FD7430001A07E2 /* FreshBassClarinetView.swift */; };
		2BF1E4BF23FD7441001A07E2 /* FreshBasoonView.swift in Sources */ = {isa = PBXBuildFile; fileRef = 2BF1E4BE23FD7441001A07E2 /* FreshBasoonView.swift */; };
		2BF1E4C123FD7457001A07E2 /* FreshAltoSaxView.swift in Sources */ = {isa = PBXBuildFile; fileRef = 2BF1E4C023FD7457001A07E2 /* FreshAltoSaxView.swift */; };
		2BF1E4C323FD7471001A07E2 /* FreshTenorSaxView.swift in Sources */ = {isa = PBXBuildFile; fileRef = 2BF1E4C223FD7470001A07E2 /* FreshTenorSaxView.swift */; };
		2BF1E4C523FD7562001A07E2 /* FreshTrumpetView.swift in Sources */ = {isa = PBXBuildFile; fileRef = 2BF1E4C423FD7562001A07E2 /* FreshTrumpetView.swift */; };
		2BF1E4C723FD7574001A07E2 /* FreshTromboneView.swift in Sources */ = {isa = PBXBuildFile; fileRef = 2BF1E4C623FD7574001A07E2 /* FreshTromboneView.swift */; };
		2BF1E4C923FD7587001A07E2 /* FreshFrenchHornView.swift in Sources */ = {isa = PBXBuildFile; fileRef = 2BF1E4C823FD7587001A07E2 /* FreshFrenchHornView.swift */; };
		2BF1E4CB23FD759C001A07E2 /* FreshTubaView.swift in Sources */ = {isa = PBXBuildFile; fileRef = 2BF1E4CA23FD759C001A07E2 /* FreshTubaView.swift */; };
		2BF1E4CD23FD75AA001A07E2 /* FreshBaritoneView.swift in Sources */ = {isa = PBXBuildFile; fileRef = 2BF1E4CC23FD75AA001A07E2 /* FreshBaritoneView.swift */; };
		2BF1E4CF23FD7687001A07E2 /* VWCalculatorView.swift in Sources */ = {isa = PBXBuildFile; fileRef = 2BF1E4CE23FD7687001A07E2 /* VWCalculatorView.swift */; };
		2BF1E4D123FD7697001A07E2 /* VBCalulatorView.swift in Sources */ = {isa = PBXBuildFile; fileRef = 2BF1E4D023FD7697001A07E2 /* VBCalulatorView.swift */; };
		2BF1E4D323FD76AA001A07E2 /* FPCalculatorView.swift in Sources */ = {isa = PBXBuildFile; fileRef = 2BF1E4D223FD76AA001A07E2 /* FPCalculatorView.swift */; };
		2BF1E4D523FD76BD001A07E2 /* FWCalculatorView.swift in Sources */ = {isa = PBXBuildFile; fileRef = 2BF1E4D423FD76BD001A07E2 /* FWCalculatorView.swift */; };
		2BF1E4D723FD76CD001A07E2 /* FBCalculatorView.swift in Sources */ = {isa = PBXBuildFile; fileRef = 2BF1E4D623FD76CD001A07E2 /* FBCalculatorView.swift */; };
		41F8961723EAFCCD00344047 /* VarsityPercView.swift in Sources */ = {isa = PBXBuildFile; fileRef = 41F8961623EAFCCD00344047 /* VarsityPercView.swift */; };
		41F8961923EAFCE500344047 /* VarsityWindView.swift in Sources */ = {isa = PBXBuildFile; fileRef = 41F8961823EAFCE500344047 /* VarsityWindView.swift */; };
		41F8961B23EAFCF200344047 /* VarsityBrassView.swift in Sources */ = {isa = PBXBuildFile; fileRef = 41F8961A23EAFCF200344047 /* VarsityBrassView.swift */; };
		41F8961D23EAFD0000344047 /* FreshPercView.swift in Sources */ = {isa = PBXBuildFile; fileRef = 41F8961C23EAFD0000344047 /* FreshPercView.swift */; };
		41F8961F23EAFD0A00344047 /* FreshWindView.swift in Sources */ = {isa = PBXBuildFile; fileRef = 41F8961E23EAFD0A00344047 /* FreshWindView.swift */; };
		41F8962123EAFD1300344047 /* FreshBrassView.swift in Sources */ = {isa = PBXBuildFile; fileRef = 41F8962023EAFD1300344047 /* FreshBrassView.swift */; };
		500D813B23E85E6000EEA273 /* AppDelegate.swift in Sources */ = {isa = PBXBuildFile; fileRef = 500D813A23E85E6000EEA273 /* AppDelegate.swift */; };
		500D813D23E85E6000EEA273 /* SceneDelegate.swift in Sources */ = {isa = PBXBuildFile; fileRef = 500D813C23E85E6000EEA273 /* SceneDelegate.swift */; };
		500D813F23E85E6000EEA273 /* ContentView.swift in Sources */ = {isa = PBXBuildFile; fileRef = 500D813E23E85E6000EEA273 /* ContentView.swift */; };
		500D814123E85E7500EEA273 /* Assets.xcassets in Resources */ = {isa = PBXBuildFile; fileRef = 500D814023E85E7500EEA273 /* Assets.xcassets */; };
		500D814423E85E7500EEA273 /* Preview Assets.xcassets in Resources */ = {isa = PBXBuildFile; fileRef = 500D814323E85E7500EEA273 /* Preview Assets.xcassets */; };
		500D814723E85E7500EEA273 /* LaunchScreen.storyboard in Resources */ = {isa = PBXBuildFile; fileRef = 500D814523E85E7500EEA273 /* LaunchScreen.storyboard */; };
		500D815223E85E7500EEA273 /* theRealProjectp2Tests.swift in Sources */ = {isa = PBXBuildFile; fileRef = 500D815123E85E7500EEA273 /* theRealProjectp2Tests.swift */; };
		500D815D23E85E7500EEA273 /* theRealProjectp2UITests.swift in Sources */ = {isa = PBXBuildFile; fileRef = 500D815C23E85E7500EEA273 /* theRealProjectp2UITests.swift */; };
/* End PBXBuildFile section */

/* Begin PBXContainerItemProxy section */
		500D814E23E85E7500EEA273 /* PBXContainerItemProxy */ = {
			isa = PBXContainerItemProxy;
			containerPortal = 500D812F23E85E6000EEA273 /* Project object */;
			proxyType = 1;
			remoteGlobalIDString = 500D813623E85E6000EEA273;
			remoteInfo = theRealProjectp2;
		};
		500D815923E85E7500EEA273 /* PBXContainerItemProxy */ = {
			isa = PBXContainerItemProxy;
			containerPortal = 500D812F23E85E6000EEA273 /* Project object */;
			proxyType = 1;
			remoteGlobalIDString = 500D813623E85E6000EEA273;
			remoteInfo = theRealProjectp2;
		};
/* End PBXContainerItemProxy section */

/* Begin PBXFileReference section */
		2B1D039723FC1EBD002E540B /* VarsityAltoSaxView.swift */ = {isa = PBXFileReference; lastKnownFileType = sourcecode.swift; path = VarsityAltoSaxView.swift; sourceTree = "<group>"; };
		2B1D039923FC1EF0002E540B /* VarsityTenorSaxView.swift */ = {isa = PBXFileReference; lastKnownFileType = sourcecode.swift; path = VarsityTenorSaxView.swift; sourceTree = "<group>"; };
		2B1D039B23FC27AD002E540B /* VPCalculatorView.swift */ = {isa = PBXFileReference; lastKnownFileType = sourcecode.swift; path = VPCalculatorView.swift; sourceTree = "<group>"; };
		2B53C41723EC5339007A68B2 /* StudentData.json */ = {isa = PBXFileReference; lastKnownFileType = text.json; path = StudentData.json; sourceTree = "<group>"; };
		2B53C41823EC54AA007A68B2 /* StudentRowView.swift */ = {isa = PBXFileReference; lastKnownFileType = sourcecode.swift; path = StudentRowView.swift; sourceTree = "<group>"; };
		2BB0E9BE23F58BDC00CDD552 /* VarsityFluteView.swift */ = {isa = PBXFileReference; lastKnownFileType = sourcecode.swift; path = VarsityFluteView.swift; sourceTree = "<group>"; };
		2BB0E9C023F58C6700CDD552 /* VarsityOboeView.swift */ = {isa = PBXFileReference; lastKnownFileType = sourcecode.swift; path = VarsityOboeView.swift; sourceTree = "<group>"; };
		2BB0E9C223F58CA000CDD552 /* VarsityClarinetView.swift */ = {isa = PBXFileReference; lastKnownFileType = sourcecode.swift; path = VarsityClarinetView.swift; sourceTree = "<group>"; };
		2BB0E9C423F58CEA00CDD552 /* VarsityBassClarinetView.swift */ = {isa = PBXFileReference; lastKnownFileType = sourcecode.swift; path = VarsityBassClarinetView.swift; sourceTree = "<group>"; };
		2BB0E9C623F58D4000CDD552 /* VarsityBasoonView.swift */ = {isa = PBXFileReference; lastKnownFileType = sourcecode.swift; path = VarsityBasoonView.swift; sourceTree = "<group>"; };
		2BF1E4AA23FD7020001A07E2 /* VarsityBariSaxView.swift */ = {isa = PBXFileReference; lastKnownFileType = sourcecode.swift; path = VarsityBariSaxView.swift; sourceTree = "<group>"; };
		2BF1E4AC23FD71FA001A07E2 /* VarsityTrumpetView.swift */ = {isa = PBXFileReference; lastKnownFileType = sourcecode.swift; path = VarsityTrumpetView.swift; sourceTree = "<group>"; };
		2BF1E4AE23FD7213001A07E2 /* VarsityTromboneView.swift */ = {isa = PBXFileReference; lastKnownFileType = sourcecode.swift; path = VarsityTromboneView.swift; sourceTree = "<group>"; };
		2BF1E4B023FD7224001A07E2 /* VarsityTubaView.swift */ = {isa = PBXFileReference; lastKnownFileType = sourcecode.swift; path = VarsityTubaView.swift; sourceTree = "<group>"; };
		2BF1E4B223FD7298001A07E2 /* VarsityBaritoneView.swift */ = {isa = PBXFileReference; lastKnownFileType = sourcecode.swift; path = VarsityBaritoneView.swift; sourceTree = "<group>"; };
		2BF1E4B423FD72AB001A07E2 /* VarsityFrenchHornView.swift */ = {isa = PBXFileReference; lastKnownFileType = sourcecode.swift; path = VarsityFrenchHornView.swift; sourceTree = "<group>"; };
		2BF1E4B623FD7373001A07E2 /* FreshFluteView.swift */ = {isa = PBXFileReference; lastKnownFileType = sourcecode.swift; path = FreshFluteView.swift; sourceTree = "<group>"; };
		2BF1E4B823FD7385001A07E2 /* FreshOboeView.swift */ = {isa = PBXFileReference; lastKnownFileType = sourcecode.swift; path = FreshOboeView.swift; sourceTree = "<group>"; };
		2BF1E4BA23FD741B001A07E2 /* FreshClarinetView.swift */ = {isa = PBXFileReference; lastKnownFileType = sourcecode.swift; path = FreshClarinetView.swift; sourceTree = "<group>"; };
		2BF1E4BC23FD7430001A07E2 /* FreshBassClarinetView.swift */ = {isa = PBXFileReference; lastKnownFileType = sourcecode.swift; path = FreshBassClarinetView.swift; sourceTree = "<group>"; };
		2BF1E4BE23FD7441001A07E2 /* FreshBasoonView.swift */ = {isa = PBXFileReference; lastKnownFileType = sourcecode.swift; path = FreshBasoonView.swift; sourceTree = "<group>"; };
		2BF1E4C023FD7457001A07E2 /* FreshAltoSaxView.swift */ = {isa = PBXFileReference; lastKnownFileType = sourcecode.swift; path = FreshAltoSaxView.swift; sourceTree = "<group>"; };
		2BF1E4C223FD7470001A07E2 /* FreshTenorSaxView.swift */ = {isa = PBXFileReference; lastKnownFileType = sourcecode.swift; path = FreshTenorSaxView.swift; sourceTree = "<group>"; };
		2BF1E4C423FD7562001A07E2 /* FreshTrumpetView.swift */ = {isa = PBXFileReference; lastKnownFileType = sourcecode.swift; path = FreshTrumpetView.swift; sourceTree = "<group>"; };
		2BF1E4C623FD7574001A07E2 /* FreshTromboneView.swift */ = {isa = PBXFileReference; lastKnownFileType = sourcecode.swift; path = FreshTromboneView.swift; sourceTree = "<group>"; };
		2BF1E4C823FD7587001A07E2 /* FreshFrenchHornView.swift */ = {isa = PBXFileReference; lastKnownFileType = sourcecode.swift; path = FreshFrenchHornView.swift; sourceTree = "<group>"; };
		2BF1E4CA23FD759C001A07E2 /* FreshTubaView.swift */ = {isa = PBXFileReference; lastKnownFileType = sourcecode.swift; path = FreshTubaView.swift; sourceTree = "<group>"; };
		2BF1E4CC23FD75AA001A07E2 /* FreshBaritoneView.swift */ = {isa = PBXFileReference; lastKnownFileType = sourcecode.swift; path = FreshBaritoneView.swift; sourceTree = "<group>"; };
		2BF1E4CE23FD7687001A07E2 /* VWCalculatorView.swift */ = {isa = PBXFileReference; lastKnownFileType = sourcecode.swift; path = VWCalculatorView.swift; sourceTree = "<group>"; };
		2BF1E4D023FD7697001A07E2 /* VBCalulatorView.swift */ = {isa = PBXFileReference; lastKnownFileType = sourcecode.swift; path = VBCalulatorView.swift; sourceTree = "<group>"; };
		2BF1E4D223FD76AA001A07E2 /* FPCalculatorView.swift */ = {isa = PBXFileReference; lastKnownFileType = sourcecode.swift; path = FPCalculatorView.swift; sourceTree = "<group>"; };
		2BF1E4D423FD76BD001A07E2 /* FWCalculatorView.swift */ = {isa = PBXFileReference; lastKnownFileType = sourcecode.swift; path = FWCalculatorView.swift; sourceTree = "<group>"; };
		2BF1E4D623FD76CD001A07E2 /* FBCalculatorView.swift */ = {isa = PBXFileReference; lastKnownFileType = sourcecode.swift; path = FBCalculatorView.swift; sourceTree = "<group>"; };
		41F8961623EAFCCD00344047 /* VarsityPercView.swift */ = {isa = PBXFileReference; lastKnownFileType = sourcecode.swift; path = VarsityPercView.swift; sourceTree = "<group>"; };
		41F8961823EAFCE500344047 /* VarsityWindView.swift */ = {isa = PBXFileReference; lastKnownFileType = sourcecode.swift; path = VarsityWindView.swift; sourceTree = "<group>"; };
		41F8961A23EAFCF200344047 /* VarsityBrassView.swift */ = {isa = PBXFileReference; lastKnownFileType = sourcecode.swift; path = VarsityBrassView.swift; sourceTree = "<group>"; };
		41F8961C23EAFD0000344047 /* FreshPercView.swift */ = {isa = PBXFileReference; lastKnownFileType = sourcecode.swift; path = FreshPercView.swift; sourceTree = "<group>"; };
		41F8961E23EAFD0A00344047 /* FreshWindView.swift */ = {isa = PBXFileReference; lastKnownFileType = sourcecode.swift; path = FreshWindView.swift; sourceTree = "<group>"; };
		41F8962023EAFD1300344047 /* FreshBrassView.swift */ = {isa = PBXFileReference; lastKnownFileType = sourcecode.swift; path = FreshBrassView.swift; sourceTree = "<group>"; };
		500D813723E85E6000EEA273 /* theRealProjectp2.app */ = {isa = PBXFileReference; explicitFileType = wrapper.application; includeInIndex = 0; path = theRealProjectp2.app; sourceTree = BUILT_PRODUCTS_DIR; };
		500D813A23E85E6000EEA273 /* AppDelegate.swift */ = {isa = PBXFileReference; lastKnownFileType = sourcecode.swift; path = AppDelegate.swift; sourceTree = "<group>"; };
		500D813C23E85E6000EEA273 /* SceneDelegate.swift */ = {isa = PBXFileReference; lastKnownFileType = sourcecode.swift; path = SceneDelegate.swift; sourceTree = "<group>"; };
		500D813E23E85E6000EEA273 /* ContentView.swift */ = {isa = PBXFileReference; lastKnownFileType = sourcecode.swift; path = ContentView.swift; sourceTree = "<group>"; };
		500D814023E85E7500EEA273 /* Assets.xcassets */ = {isa = PBXFileReference; lastKnownFileType = folder.assetcatalog; path = Assets.xcassets; sourceTree = "<group>"; };
		500D814323E85E7500EEA273 /* Preview Assets.xcassets */ = {isa = PBXFileReference; lastKnownFileType = folder.assetcatalog; path = "Preview Assets.xcassets"; sourceTree = "<group>"; };
		500D814623E85E7500EEA273 /* Base */ = {isa = PBXFileReference; lastKnownFileType = file.storyboard; name = Base; path = Base.lproj/LaunchScreen.storyboard; sourceTree = "<group>"; };
		500D814823E85E7500EEA273 /* Info.plist */ = {isa = PBXFileReference; lastKnownFileType = text.plist.xml; path = Info.plist; sourceTree = "<group>"; };
		500D814D23E85E7500EEA273 /* theRealProjectp2Tests.xctest */ = {isa = PBXFileReference; explicitFileType = wrapper.cfbundle; includeInIndex = 0; path = theRealProjectp2Tests.xctest; sourceTree = BUILT_PRODUCTS_DIR; };
		500D815123E85E7500EEA273 /* theRealProjectp2Tests.swift */ = {isa = PBXFileReference; lastKnownFileType = sourcecode.swift; path = theRealProjectp2Tests.swift; sourceTree = "<group>"; };
		500D815323E85E7500EEA273 /* Info.plist */ = {isa = PBXFileReference; lastKnownFileType = text.plist.xml; path = Info.plist; sourceTree = "<group>"; };
		500D815823E85E7500EEA273 /* theRealProjectp2UITests.xctest */ = {isa = PBXFileReference; explicitFileType = wrapper.cfbundle; includeInIndex = 0; path = theRealProjectp2UITests.xctest; sourceTree = BUILT_PRODUCTS_DIR; };
		500D815C23E85E7500EEA273 /* theRealProjectp2UITests.swift */ = {isa = PBXFileReference; lastKnownFileType = sourcecode.swift; path = theRealProjectp2UITests.swift; sourceTree = "<group>"; };
		500D815E23E85E7500EEA273 /* Info.plist */ = {isa = PBXFileReference; lastKnownFileType = text.plist.xml; path = Info.plist; sourceTree = "<group>"; };
/* End PBXFileReference section */

/* Begin PBXFrameworksBuildPhase section */
		500D813423E85E6000EEA273 /* Frameworks */ = {
			isa = PBXFrameworksBuildPhase;
			buildActionMask = 2147483647;
			files = (
			);
			runOnlyForDeploymentPostprocessing = 0;
		};
		500D814A23E85E7500EEA273 /* Frameworks */ = {
			isa = PBXFrameworksBuildPhase;
			buildActionMask = 2147483647;
			files = (
			);
			runOnlyForDeploymentPostprocessing = 0;
		};
		500D815523E85E7500EEA273 /* Frameworks */ = {
			isa = PBXFrameworksBuildPhase;
			buildActionMask = 2147483647;
			files = (
			);
			runOnlyForDeploymentPostprocessing = 0;
		};
/* End PBXFrameworksBuildPhase section */

/* Begin PBXGroup section */
		500D812E23E85E6000EEA273 = {
			isa = PBXGroup;
			children = (
				500D813923E85E6000EEA273 /* theRealProjectp2 */,
				500D815023E85E7500EEA273 /* theRealProjectp2Tests */,
				500D815B23E85E7500EEA273 /* theRealProjectp2UITests */,
				500D813823E85E6000EEA273 /* Products */,
			);
			sourceTree = "<group>";
		};
		500D813823E85E6000EEA273 /* Products */ = {
			isa = PBXGroup;
			children = (
				500D813723E85E6000EEA273 /* theRealProjectp2.app */,
				500D814D23E85E7500EEA273 /* theRealProjectp2Tests.xctest */,
				500D815823E85E7500EEA273 /* theRealProjectp2UITests.xctest */,
			);
			name = Products;
			sourceTree = "<group>";
		};
		500D813923E85E6000EEA273 /* theRealProjectp2 */ = {
			isa = PBXGroup;
			children = (
				500D813A23E85E6000EEA273 /* AppDelegate.swift */,
				500D813C23E85E6000EEA273 /* SceneDelegate.swift */,
				2B53C41823EC54AA007A68B2 /* StudentRowView.swift */,
				500D813E23E85E6000EEA273 /* ContentView.swift */,
				41F8961623EAFCCD00344047 /* VarsityPercView.swift */,
				2B53C41723EC5339007A68B2 /* StudentData.json */,
				41F8961823EAFCE500344047 /* VarsityWindView.swift */,
				2B1D039723FC1EBD002E540B /* VarsityAltoSaxView.swift */,
				2BB0E9BE23F58BDC00CDD552 /* VarsityFluteView.swift */,
				2BB0E9C023F58C6700CDD552 /* VarsityOboeView.swift */,
				2BB0E9C223F58CA000CDD552 /* VarsityClarinetView.swift */,
				2BB0E9C423F58CEA00CDD552 /* VarsityBassClarinetView.swift */,
				2BB0E9C623F58D4000CDD552 /* VarsityBasoonView.swift */,
				2B1D039923FC1EF0002E540B /* VarsityTenorSaxView.swift */,
				2BF1E4AA23FD7020001A07E2 /* VarsityBariSaxView.swift */,
				41F8961A23EAFCF200344047 /* VarsityBrassView.swift */,
				2BF1E4AC23FD71FA001A07E2 /* VarsityTrumpetView.swift */,
				2BF1E4AE23FD7213001A07E2 /* VarsityTromboneView.swift */,
				2BF1E4B023FD7224001A07E2 /* VarsityTubaView.swift */,
				2BF1E4B223FD7298001A07E2 /* VarsityBaritoneView.swift */,
				2BF1E4B423FD72AB001A07E2 /* VarsityFrenchHornView.swift */,
				41F8961C23EAFD0000344047 /* FreshPercView.swift */,
				41F8961E23EAFD0A00344047 /* FreshWindView.swift */,
				2BF1E4B623FD7373001A07E2 /* FreshFluteView.swift */,
				2BF1E4B823FD7385001A07E2 /* FreshOboeView.swift */,
				2BF1E4BA23FD741B001A07E2 /* FreshClarinetView.swift */,
				2BF1E4BC23FD7430001A07E2 /* FreshBassClarinetView.swift */,
				2BF1E4BE23FD7441001A07E2 /* FreshBasoonView.swift */,
				2BF1E4C023FD7457001A07E2 /* FreshAltoSaxView.swift */,
				2BF1E4C223FD7470001A07E2 /* FreshTenorSaxView.swift */,
				41F8962023EAFD1300344047 /* FreshBrassView.swift */,
				2BF1E4C423FD7562001A07E2 /* FreshTrumpetView.swift */,
				2BF1E4C623FD7574001A07E2 /* FreshTromboneView.swift */,
				2BF1E4C823FD7587001A07E2 /* FreshFrenchHornView.swift */,
				2BF1E4CA23FD759C001A07E2 /* FreshTubaView.swift */,
				2BF1E4CC23FD75AA001A07E2 /* FreshBaritoneView.swift */,
				2B1D039B23FC27AD002E540B /* VPCalculatorView.swift */,
				2BF1E4CE23FD7687001A07E2 /* VWCalculatorView.swift */,
				2BF1E4D023FD7697001A07E2 /* VBCalulatorView.swift */,
				2BF1E4D223FD76AA001A07E2 /* FPCalculatorView.swift */,
				2BF1E4D423FD76BD001A07E2 /* FWCalculatorView.swift */,
				2BF1E4D623FD76CD001A07E2 /* FBCalculatorView.swift */,
				500D814023E85E7500EEA273 /* Assets.xcassets */,
				500D814523E85E7500EEA273 /* LaunchScreen.storyboard */,
				500D814823E85E7500EEA273 /* Info.plist */,
				500D814223E85E7500EEA273 /* Preview Content */,
			);
			path = theRealProjectp2;
			sourceTree = "<group>";
		};
		500D814223E85E7500EEA273 /* Preview Content */ = {
			isa = PBXGroup;
			children = (
				500D814323E85E7500EEA273 /* Preview Assets.xcassets */,
			);
			path = "Preview Content";
			sourceTree = "<group>";
		};
		500D815023E85E7500EEA273 /* theRealProjectp2Tests */ = {
			isa = PBXGroup;
			children = (
				500D815123E85E7500EEA273 /* theRealProjectp2Tests.swift */,
				500D815323E85E7500EEA273 /* Info.plist */,
			);
			path = theRealProjectp2Tests;
			sourceTree = "<group>";
		};
		500D815B23E85E7500EEA273 /* theRealProjectp2UITests */ = {
			isa = PBXGroup;
			children = (
				500D815C23E85E7500EEA273 /* theRealProjectp2UITests.swift */,
				500D815E23E85E7500EEA273 /* Info.plist */,
			);
			path = theRealProjectp2UITests;
			sourceTree = "<group>";
		};
/* End PBXGroup section */

/* Begin PBXNativeTarget section */
		500D813623E85E6000EEA273 /* theRealProjectp2 */ = {
			isa = PBXNativeTarget;
			buildConfigurationList = 500D816123E85E7500EEA273 /* Build configuration list for PBXNativeTarget "theRealProjectp2" */;
			buildPhases = (
				500D813323E85E6000EEA273 /* Sources */,
				500D813423E85E6000EEA273 /* Frameworks */,
				500D813523E85E6000EEA273 /* Resources */,
			);
			buildRules = (
			);
			dependencies = (
			);
			name = theRealProjectp2;
			productName = theRealProjectp2;
			productReference = 500D813723E85E6000EEA273 /* theRealProjectp2.app */;
			productType = "com.apple.product-type.application";
		};
		500D814C23E85E7500EEA273 /* theRealProjectp2Tests */ = {
			isa = PBXNativeTarget;
			buildConfigurationList = 500D816423E85E7500EEA273 /* Build configuration list for PBXNativeTarget "theRealProjectp2Tests" */;
			buildPhases = (
				500D814923E85E7500EEA273 /* Sources */,
				500D814A23E85E7500EEA273 /* Frameworks */,
				500D814B23E85E7500EEA273 /* Resources */,
			);
			buildRules = (
			);
			dependencies = (
				500D814F23E85E7500EEA273 /* PBXTargetDependency */,
			);
			name = theRealProjectp2Tests;
			productName = theRealProjectp2Tests;
			productReference = 500D814D23E85E7500EEA273 /* theRealProjectp2Tests.xctest */;
			productType = "com.apple.product-type.bundle.unit-test";
		};
		500D815723E85E7500EEA273 /* theRealProjectp2UITests */ = {
			isa = PBXNativeTarget;
			buildConfigurationList = 500D816723E85E7500EEA273 /* Build configuration list for PBXNativeTarget "theRealProjectp2UITests" */;
			buildPhases = (
				500D815423E85E7500EEA273 /* Sources */,
				500D815523E85E7500EEA273 /* Frameworks */,
				500D815623E85E7500EEA273 /* Resources */,
			);
			buildRules = (
			);
			dependencies = (
				500D815A23E85E7500EEA273 /* PBXTargetDependency */,
			);
			name = theRealProjectp2UITests;
			productName = theRealProjectp2UITests;
			productReference = 500D815823E85E7500EEA273 /* theRealProjectp2UITests.xctest */;
			productType = "com.apple.product-type.bundle.ui-testing";
		};
/* End PBXNativeTarget section */

/* Begin PBXProject section */
		500D812F23E85E6000EEA273 /* Project object */ = {
			isa = PBXProject;
			attributes = {
				LastSwiftUpdateCheck = 1130;
				LastUpgradeCheck = 1130;
				ORGANIZATIONNAME = "HAGAPE, ANDREA";
				TargetAttributes = {
					500D813623E85E6000EEA273 = {
						CreatedOnToolsVersion = 11.3;
					};
					500D814C23E85E7500EEA273 = {
						CreatedOnToolsVersion = 11.3;
						TestTargetID = 500D813623E85E6000EEA273;
					};
					500D815723E85E7500EEA273 = {
						CreatedOnToolsVersion = 11.3;
						TestTargetID = 500D813623E85E6000EEA273;
					};
				};
			};
			buildConfigurationList = 500D813223E85E6000EEA273 /* Build configuration list for PBXProject "theRealProjectp2" */;
			compatibilityVersion = "Xcode 9.3";
			developmentRegion = en;
			hasScannedForEncodings = 0;
			knownRegions = (
				en,
				Base,
			);
			mainGroup = 500D812E23E85E6000EEA273;
			productRefGroup = 500D813823E85E6000EEA273 /* Products */;
			projectDirPath = "";
			projectRoot = "";
			targets = (
				500D813623E85E6000EEA273 /* theRealProjectp2 */,
				500D814C23E85E7500EEA273 /* theRealProjectp2Tests */,
				500D815723E85E7500EEA273 /* theRealProjectp2UITests */,
			);
		};
/* End PBXProject section */

/* Begin PBXResourcesBuildPhase section */
		500D813523E85E6000EEA273 /* Resources */ = {
			isa = PBXResourcesBuildPhase;
			buildActionMask = 2147483647;
			files = (
				500D814723E85E7500EEA273 /* LaunchScreen.storyboard in Resources */,
				500D814423E85E7500EEA273 /* Preview Assets.xcassets in Resources */,
				500D814123E85E7500EEA273 /* Assets.xcassets in Resources */,
			);
			runOnlyForDeploymentPostprocessing = 0;
		};
		500D814B23E85E7500EEA273 /* Resources */ = {
			isa = PBXResourcesBuildPhase;
			buildActionMask = 2147483647;
			files = (
			);
			runOnlyForDeploymentPostprocessing = 0;
		};
		500D815623E85E7500EEA273 /* Resources */ = {
			isa = PBXResourcesBuildPhase;
			buildActionMask = 2147483647;
			files = (
			);
			runOnlyForDeploymentPostprocessing = 0;
		};
/* End PBXResourcesBuildPhase section */

/* Begin PBXSourcesBuildPhase section */
		500D813323E85E6000EEA273 /* Sources */ = {
			isa = PBXSourcesBuildPhase;
			buildActionMask = 2147483647;
			files = (
				2BF1E4B523FD72AB001A07E2 /* VarsityFrenchHornView.swift in Sources */,
				500D813B23E85E6000EEA273 /* AppDelegate.swift in Sources */,
				2BF1E4BB23FD741B001A07E2 /* FreshClarinetView.swift in Sources */,
				2BF1E4B723FD7373001A07E2 /* FreshFluteView.swift in Sources */,
				2BB0E9C723F58D4000CDD552 /* VarsityBasoonView.swift in Sources */,
				500D813D23E85E6000EEA273 /* SceneDelegate.swift in Sources */,
				2BF1E4C923FD7587001A07E2 /* FreshFrenchHornView.swift in Sources */,
				2BF1E4AF23FD7213001A07E2 /* VarsityTromboneView.swift in Sources */,
				2BF1E4D723FD76CD001A07E2 /* FBCalculatorView.swift in Sources */,
				41F8961D23EAFD0000344047 /* FreshPercView.swift in Sources */,
				2BB0E9C123F58C6700CDD552 /* VarsityOboeView.swift in Sources */,
				41F8962123EAFD1300344047 /* FreshBrassView.swift in Sources */,
				41F8961F23EAFD0A00344047 /* FreshWindView.swift in Sources */,
				2BB0E9C523F58CEA00CDD552 /* VarsityBassClarinetView.swift in Sources */,
				2BF1E4D323FD76AA001A07E2 /* FPCalculatorView.swift in Sources */,
				2BF1E4AB23FD7020001A07E2 /* VarsityBariSaxView.swift in Sources */,
				2BF1E4AD23FD71FA001A07E2 /* VarsityTrumpetView.swift in Sources */,
				2BF1E4C123FD7457001A07E2 /* FreshAltoSaxView.swift in Sources */,
				2BB0E9C323F58CA000CDD552 /* VarsityClarinetView.swift in Sources */,
				2BB0E9BF23F58BDC00CDD552 /* VarsityFluteView.swift in Sources */,
				2BF1E4D523FD76BD001A07E2 /* FWCalculatorView.swift in Sources */,
				2BF1E4C723FD7574001A07E2 /* FreshTromboneView.swift in Sources */,
				2BF1E4BD23FD7430001A07E2 /* FreshBassClarinetView.swift in Sources */,
				2BF1E4B123FD7224001A07E2 /* VarsityTubaView.swift in Sources */,
				2BF1E4B323FD7298001A07E2 /* VarsityBaritoneView.swift in Sources */,
				2BF1E4D123FD7697001A07E2 /* VBCalulatorView.swift in Sources */,
				2B53C41923EC54AA007A68B2 /* StudentRowView.swift in Sources */,
				2BF1E4C523FD7562001A07E2 /* FreshTrumpetView.swift in Sources */,
				2BF1E4C323FD7471001A07E2 /* FreshTenorSaxView.swift in Sources */,
				2BF1E4CD23FD75AA001A07E2 /* FreshBaritoneView.swift in Sources */,
				2BF1E4CB23FD759C001A07E2 /* FreshTubaView.swift in Sources */,
				2BF1E4BF23FD7441001A07E2 /* FreshBasoonView.swift in Sources */,
				500D813F23E85E6000EEA273 /* ContentView.swift in Sources */,
				41F8961B23EAFCF200344047 /* VarsityBrassView.swift in Sources */,
				41F8961923EAFCE500344047 /* VarsityWindView.swift in Sources */,
				2BF1E4CF23FD7687001A07E2 /* VWCalculatorView.swift in Sources */,
				2B1D039C23FC27AD002E540B /* VPCalculatorView.swift in Sources */,
				2B1D039A23FC1EF0002E540B /* VarsityTenorSaxView.swift in Sources */,
				2B1D039823FC1EBD002E540B /* VarsityAltoSaxView.swift in Sources */,
				2BF1E4B923FD7385001A07E2 /* FreshOboeView.swift in Sources */,
				41F8961723EAFCCD00344047 /* VarsityPercView.swift in Sources */,
			);
			runOnlyForDeploymentPostprocessing = 0;
		};
		500D814923E85E7500EEA273 /* Sources */ = {
			isa = PBXSourcesBuildPhase;
			buildActionMask = 2147483647;
			files = (
				500D815223E85E7500EEA273 /* theRealProjectp2Tests.swift in Sources */,
			);
			runOnlyForDeploymentPostprocessing = 0;
		};
		500D815423E85E7500EEA273 /* Sources */ = {
			isa = PBXSourcesBuildPhase;
			buildActionMask = 2147483647;
			files = (
				500D815D23E85E7500EEA273 /* theRealProjectp2UITests.swift in Sources */,
			);
			runOnlyForDeploymentPostprocessing = 0;
		};
/* End PBXSourcesBuildPhase section */

/* Begin PBXTargetDependency section */
		500D814F23E85E7500EEA273 /* PBXTargetDependency */ = {
			isa = PBXTargetDependency;
			target = 500D813623E85E6000EEA273 /* theRealProjectp2 */;
			targetProxy = 500D814E23E85E7500EEA273 /* PBXContainerItemProxy */;
		};
		500D815A23E85E7500EEA273 /* PBXTargetDependency */ = {
			isa = PBXTargetDependency;
			target = 500D813623E85E6000EEA273 /* theRealProjectp2 */;
			targetProxy = 500D815923E85E7500EEA273 /* PBXContainerItemProxy */;
		};
/* End PBXTargetDependency section */

/* Begin PBXVariantGroup section */
		500D814523E85E7500EEA273 /* LaunchScreen.storyboard */ = {
			isa = PBXVariantGroup;
			children = (
				500D814623E85E7500EEA273 /* Base */,
			);
			name = LaunchScreen.storyboard;
			sourceTree = "<group>";
		};
/* End PBXVariantGroup section */

/* Begin XCBuildConfiguration section */
		500D815F23E85E7500EEA273 /* Debug */ = {
			isa = XCBuildConfiguration;
			buildSettings = {
				ALWAYS_SEARCH_USER_PATHS = NO;
				CLANG_ANALYZER_NONNULL = YES;
				CLANG_ANALYZER_NUMBER_OBJECT_CONVERSION = YES_AGGRESSIVE;
				CLANG_CXX_LANGUAGE_STANDARD = "gnu++14";
				CLANG_CXX_LIBRARY = "libc++";
				CLANG_ENABLE_MODULES = YES;
				CLANG_ENABLE_OBJC_ARC = YES;
				CLANG_ENABLE_OBJC_WEAK = YES;
				CLANG_WARN_BLOCK_CAPTURE_AUTORELEASING = YES;
				CLANG_WARN_BOOL_CONVERSION = YES;
				CLANG_WARN_COMMA = YES;
				CLANG_WARN_CONSTANT_CONVERSION = YES;
				CLANG_WARN_DEPRECATED_OBJC_IMPLEMENTATIONS = YES;
				CLANG_WARN_DIRECT_OBJC_ISA_USAGE = YES_ERROR;
				CLANG_WARN_DOCUMENTATION_COMMENTS = YES;
				CLANG_WARN_EMPTY_BODY = YES;
				CLANG_WARN_ENUM_CONVERSION = YES;
				CLANG_WARN_INFINITE_RECURSION = YES;
				CLANG_WARN_INT_CONVERSION = YES;
				CLANG_WARN_NON_LITERAL_NULL_CONVERSION = YES;
				CLANG_WARN_OBJC_IMPLICIT_RETAIN_SELF = YES;
				CLANG_WARN_OBJC_LITERAL_CONVERSION = YES;
				CLANG_WARN_OBJC_ROOT_CLASS = YES_ERROR;
				CLANG_WARN_RANGE_LOOP_ANALYSIS = YES;
				CLANG_WARN_STRICT_PROTOTYPES = YES;
				CLANG_WARN_SUSPICIOUS_MOVE = YES;
				CLANG_WARN_UNGUARDED_AVAILABILITY = YES_AGGRESSIVE;
				CLANG_WARN_UNREACHABLE_CODE = YES;
				CLANG_WARN__DUPLICATE_METHOD_MATCH = YES;
				COPY_PHASE_STRIP = NO;
				DEBUG_INFORMATION_FORMAT = dwarf;
				ENABLE_STRICT_OBJC_MSGSEND = YES;
				ENABLE_TESTABILITY = YES;
				GCC_C_LANGUAGE_STANDARD = gnu11;
				GCC_DYNAMIC_NO_PIC = NO;
				GCC_NO_COMMON_BLOCKS = YES;
				GCC_OPTIMIZATION_LEVEL = 0;
				GCC_PREPROCESSOR_DEFINITIONS = (
					"DEBUG=1",
					"$(inherited)",
				);
				GCC_WARN_64_TO_32_BIT_CONVERSION = YES;
				GCC_WARN_ABOUT_RETURN_TYPE = YES_ERROR;
				GCC_WARN_UNDECLARED_SELECTOR = YES;
				GCC_WARN_UNINITIALIZED_AUTOS = YES_AGGRESSIVE;
				GCC_WARN_UNUSED_FUNCTION = YES;
				GCC_WARN_UNUSED_VARIABLE = YES;
				IPHONEOS_DEPLOYMENT_TARGET = 13.2;
				MTL_ENABLE_DEBUG_INFO = INCLUDE_SOURCE;
				MTL_FAST_MATH = YES;
				ONLY_ACTIVE_ARCH = YES;
				SDKROOT = iphoneos;
				SWIFT_ACTIVE_COMPILATION_CONDITIONS = DEBUG;
				SWIFT_OPTIMIZATION_LEVEL = "-Onone";
			};
			name = Debug;
		};
		500D816023E85E7500EEA273 /* Release */ = {
			isa = XCBuildConfiguration;
			buildSettings = {
				ALWAYS_SEARCH_USER_PATHS = NO;
				CLANG_ANALYZER_NONNULL = YES;
				CLANG_ANALYZER_NUMBER_OBJECT_CONVERSION = YES_AGGRESSIVE;
				CLANG_CXX_LANGUAGE_STANDARD = "gnu++14";
				CLANG_CXX_LIBRARY = "libc++";
				CLANG_ENABLE_MODULES = YES;
				CLANG_ENABLE_OBJC_ARC = YES;
				CLANG_ENABLE_OBJC_WEAK = YES;
				CLANG_WARN_BLOCK_CAPTURE_AUTORELEASING = YES;
				CLANG_WARN_BOOL_CONVERSION = YES;
				CLANG_WARN_COMMA = YES;
				CLANG_WARN_CONSTANT_CONVERSION = YES;
				CLANG_WARN_DEPRECATED_OBJC_IMPLEMENTATIONS = YES;
				CLANG_WARN_DIRECT_OBJC_ISA_USAGE = YES_ERROR;
				CLANG_WARN_DOCUMENTATION_COMMENTS = YES;
				CLANG_WARN_EMPTY_BODY = YES;
				CLANG_WARN_ENUM_CONVERSION = YES;
				CLANG_WARN_INFINITE_RECURSION = YES;
				CLANG_WARN_INT_CONVERSION = YES;
				CLANG_WARN_NON_LITERAL_NULL_CONVERSION = YES;
				CLANG_WARN_OBJC_IMPLICIT_RETAIN_SELF = YES;
				CLANG_WARN_OBJC_LITERAL_CONVERSION = YES;
				CLANG_WARN_OBJC_ROOT_CLASS = YES_ERROR;
				CLANG_WARN_RANGE_LOOP_ANALYSIS = YES;
				CLANG_WARN_STRICT_PROTOTYPES = YES;
				CLANG_WARN_SUSPICIOUS_MOVE = YES;
				CLANG_WARN_UNGUARDED_AVAILABILITY = YES_AGGRESSIVE;
				CLANG_WARN_UNREACHABLE_CODE = YES;
				CLANG_WARN__DUPLICATE_METHOD_MATCH = YES;
				COPY_PHASE_STRIP = NO;
				DEBUG_INFORMATION_FORMAT = "dwarf-with-dsym";
				ENABLE_NS_ASSERTIONS = NO;
				ENABLE_STRICT_OBJC_MSGSEND = YES;
				GCC_C_LANGUAGE_STANDARD = gnu11;
				GCC_NO_COMMON_BLOCKS = YES;
				GCC_WARN_64_TO_32_BIT_CONVERSION = YES;
				GCC_WARN_ABOUT_RETURN_TYPE = YES_ERROR;
				GCC_WARN_UNDECLARED_SELECTOR = YES;
				GCC_WARN_UNINITIALIZED_AUTOS = YES_AGGRESSIVE;
				GCC_WARN_UNUSED_FUNCTION = YES;
				GCC_WARN_UNUSED_VARIABLE = YES;
				IPHONEOS_DEPLOYMENT_TARGET = 13.2;
				MTL_ENABLE_DEBUG_INFO = NO;
				MTL_FAST_MATH = YES;
				SDKROOT = iphoneos;
				SWIFT_COMPILATION_MODE = wholemodule;
				SWIFT_OPTIMIZATION_LEVEL = "-O";
				VALIDATE_PRODUCT = YES;
			};
			name = Release;
		};
		500D816223E85E7500EEA273 /* Debug */ = {
			isa = XCBuildConfiguration;
			buildSettings = {
				ASSETCATALOG_COMPILER_APPICON_NAME = AppIcon;
				CODE_SIGN_STYLE = Automatic;
				DEVELOPMENT_ASSET_PATHS = "\"theRealProjectp2/Preview Content\"";
				DEVELOPMENT_TEAM = 96L2Y94678;
				ENABLE_PREVIEWS = YES;
				INFOPLIST_FILE = theRealProjectp2/Info.plist;
				LD_RUNPATH_SEARCH_PATHS = (
					"$(inherited)",
					"@executable_path/Frameworks",
				);
				PRODUCT_BUNDLE_IDENTIFIER = theRealProjectp2;
				PRODUCT_NAME = "$(TARGET_NAME)";
				SWIFT_VERSION = 5.0;
				TARGETED_DEVICE_FAMILY = "1,2";
			};
			name = Debug;
		};
		500D816323E85E7500EEA273 /* Release */ = {
			isa = XCBuildConfiguration;
			buildSettings = {
				ASSETCATALOG_COMPILER_APPICON_NAME = AppIcon;
				CODE_SIGN_STYLE = Automatic;
				DEVELOPMENT_ASSET_PATHS = "\"theRealProjectp2/Preview Content\"";
				DEVELOPMENT_TEAM = 96L2Y94678;
				ENABLE_PREVIEWS = YES;
				INFOPLIST_FILE = theRealProjectp2/Info.plist;
				LD_RUNPATH_SEARCH_PATHS = (
					"$(inherited)",
					"@executable_path/Frameworks",
				);
				PRODUCT_BUNDLE_IDENTIFIER = theRealProjectp2;
				PRODUCT_NAME = "$(TARGET_NAME)";
				SWIFT_VERSION = 5.0;
				TARGETED_DEVICE_FAMILY = "1,2";
			};
			name = Release;
		};
		500D816523E85E7500EEA273 /* Debug */ = {
			isa = XCBuildConfiguration;
			buildSettings = {
				ALWAYS_EMBED_SWIFT_STANDARD_LIBRARIES = YES;
				BUNDLE_LOADER = "$(TEST_HOST)";
				CODE_SIGN_STYLE = Automatic;
				DEVELOPMENT_TEAM = 94M6MT299Z;
				INFOPLIST_FILE = theRealProjectp2Tests/Info.plist;
				IPHONEOS_DEPLOYMENT_TARGET = 13.2;
				LD_RUNPATH_SEARCH_PATHS = (
					"$(inherited)",
					"@executable_path/Frameworks",
					"@loader_path/Frameworks",
				);
				PRODUCT_BUNDLE_IDENTIFIER = org.district196.theRealProjectp2Tests;
				PRODUCT_NAME = "$(TARGET_NAME)";
				SWIFT_VERSION = 5.0;
				TARGETED_DEVICE_FAMILY = "1,2";
				TEST_HOST = "$(BUILT_PRODUCTS_DIR)/theRealProjectp2.app/theRealProjectp2";
			};
			name = Debug;
		};
		500D816623E85E7500EEA273 /* Release */ = {
			isa = XCBuildConfiguration;
			buildSettings = {
				ALWAYS_EMBED_SWIFT_STANDARD_LIBRARIES = YES;
				BUNDLE_LOADER = "$(TEST_HOST)";
				CODE_SIGN_STYLE = Automatic;
				DEVELOPMENT_TEAM = 94M6MT299Z;
				INFOPLIST_FILE = theRealProjectp2Tests/Info.plist;
				IPHONEOS_DEPLOYMENT_TARGET = 13.2;
				LD_RUNPATH_SEARCH_PATHS = (
					"$(inherited)",
					"@executable_path/Frameworks",
					"@loader_path/Frameworks",
				);
				PRODUCT_BUNDLE_IDENTIFIER = org.district196.theRealProjectp2Tests;
				PRODUCT_NAME = "$(TARGET_NAME)";
				SWIFT_VERSION = 5.0;
				TARGETED_DEVICE_FAMILY = "1,2";
				TEST_HOST = "$(BUILT_PRODUCTS_DIR)/theRealProjectp2.app/theRealProjectp2";
			};
			name = Release;
		};
		500D816823E85E7500EEA273 /* Debug */ = {
			isa = XCBuildConfiguration;
			buildSettings = {
				ALWAYS_EMBED_SWIFT_STANDARD_LIBRARIES = YES;
				CODE_SIGN_STYLE = Automatic;
				DEVELOPMENT_TEAM = 94M6MT299Z;
				INFOPLIST_FILE = theRealProjectp2UITests/Info.plist;
				LD_RUNPATH_SEARCH_PATHS = (
					"$(inherited)",
					"@executable_path/Frameworks",
					"@loader_path/Frameworks",
				);
				PRODUCT_BUNDLE_IDENTIFIER = org.district196.theRealProjectp2UITests;
				PRODUCT_NAME = "$(TARGET_NAME)";
				SWIFT_VERSION = 5.0;
				TARGETED_DEVICE_FAMILY = "1,2";
				TEST_TARGET_NAME = theRealProjectp2;
			};
			name = Debug;
		};
		500D816923E85E7500EEA273 /* Release */ = {
			isa = XCBuildConfiguration;
			buildSettings = {
				ALWAYS_EMBED_SWIFT_STANDARD_LIBRARIES = YES;
				CODE_SIGN_STYLE = Automatic;
				DEVELOPMENT_TEAM = 94M6MT299Z;
				INFOPLIST_FILE = theRealProjectp2UITests/Info.plist;
				LD_RUNPATH_SEARCH_PATHS = (
					"$(inherited)",
					"@executable_path/Frameworks",
					"@loader_path/Frameworks",
				);
				PRODUCT_BUNDLE_IDENTIFIER = org.district196.theRealProjectp2UITests;
				PRODUCT_NAME = "$(TARGET_NAME)";
				SWIFT_VERSION = 5.0;
				TARGETED_DEVICE_FAMILY = "1,2";
				TEST_TARGET_NAME = theRealProjectp2;
			};
			name = Release;
		};
/* End XCBuildConfiguration section */

/* Begin XCConfigurationList section */
		500D813223E85E6000EEA273 /* Build configuration list for PBXProject "theRealProjectp2" */ = {
			isa = XCConfigurationList;
			buildConfigurations = (
				500D815F23E85E7500EEA273 /* Debug */,
				500D816023E85E7500EEA273 /* Release */,
			);
			defaultConfigurationIsVisible = 0;
			defaultConfigurationName = Release;
		};
		500D816123E85E7500EEA273 /* Build configuration list for PBXNativeTarget "theRealProjectp2" */ = {
			isa = XCConfigurationList;
			buildConfigurations = (
				500D816223E85E7500EEA273 /* Debug */,
				500D816323E85E7500EEA273 /* Release */,
			);
			defaultConfigurationIsVisible = 0;
			defaultConfigurationName = Release;
		};
		500D816423E85E7500EEA273 /* Build configuration list for PBXNativeTarget "theRealProjectp2Tests" */ = {
			isa = XCConfigurationList;
			buildConfigurations = (
				500D816523E85E7500EEA273 /* Debug */,
				500D816623E85E7500EEA273 /* Release */,
			);
			defaultConfigurationIsVisible = 0;
			defaultConfigurationName = Release;
		};
		500D816723E85E7500EEA273 /* Build configuration list for PBXNativeTarget "theRealProjectp2UITests" */ = {
			isa = XCConfigurationList;
			buildConfigurations = (
				500D816823E85E7500EEA273 /* Debug */,
				500D816923E85E7500EEA273 /* Release */,
			);
			defaultConfigurationIsVisible = 0;
			defaultConfigurationName = Release;
		};
/* End XCConfigurationList section */
	};
	rootObject = 500D812F23E85E6000EEA273 /* Project object */;
}
